// !$*UTF8*$!
{
	archiveVersion = 1;
	classes = {
	};
	objectVersion = 77;
	objects = {

/* Begin PBXBuildFile section */
		C05949562EBF570C007AA5E9 /* ButtonModule.swift in Sources */ = {isa = PBXBuildFile; fileRef = C05949552EBF570C007AA5E9 /* ButtonModule.swift */; };
		C080875E2EC04ECD00A39C3F /* NavigationStackModule.swift in Sources */ = {isa = PBXBuildFile; fileRef = C080875D2EC04ECD00A39C3F /* NavigationStackModule.swift */; };
		C08087602EC055AA00A39C3F /* DetailsView.swift in Sources */ = {isa = PBXBuildFile; fileRef = C080875F2EC055AA00A39C3F /* DetailsView.swift */; };
		C0A0E0C72EBF6B1D00FA40D0 /* SheetModule.swift in Sources */ = {isa = PBXBuildFile; fileRef = C0A0E0C62EBF6B1D00FA40D0 /* SheetModule.swift */; };
		C0E36C0B2EBF04CA007B797B /* SwiftUILearningApp.swift in Sources */ = {isa = PBXBuildFile; fileRef = C0E36C0A2EBF04CA007B797B /* SwiftUILearningApp.swift */; };
		C0E36C0D2EBF04CA007B797B /* ContentView.swift in Sources */ = {isa = PBXBuildFile; fileRef = C0E36C0C2EBF04CA007B797B /* ContentView.swift */; };
		C0E36C0F2EBF04CA007B797B /* TextModule.swift in Sources */ = {isa = PBXBuildFile; fileRef = C0E36C0E2EBF04CA007B797B /* TextModule.swift */; };
		C0E36C112EBF04CA007B797B /* PaddingModules.swift in Sources */ = {isa = PBXBuildFile; fileRef = C0E36C102EBF04CA007B797B /* PaddingModules.swift */; };
		C0E36C132EBF04CA007B797B /* ScrollModule.swift in Sources */ = {isa = PBXBuildFile; fileRef = C0E36C122EBF04CA007B797B /* ScrollModule.swift */; };
		C0E36C152EBF04CA007B797B /* GridModules.swift in Sources */ = {isa = PBXBuildFile; fileRef = C0E36C142EBF04CA007B797B /* GridModules.swift */; };
		C0E36C172EBF04CA007B797B /* LoopModules.swift in Sources */ = {isa = PBXBuildFile; fileRef = C0E36C162EBF04CA007B797B /* LoopModules.swift */; };
		C0E36C192EBF04CA007B797B /* StacksModules.swift in Sources */ = {isa = PBXBuildFile; fileRef = C0E36C182EBF04CA007B797B /* StacksModules.swift */; };
		C0E36C1B2EBF04CA007B797B /* ImagesModules.swift in Sources */ = {isa = PBXBuildFile; fileRef = C0E36C1A2EBF04CA007B797B /* ImagesModules.swift */; };
		C0E36C1D2EBF04CA007B797B /* ListModules.swift in Sources */ = {isa = PBXBuildFile; fileRef = C0E36C1C2EBF04CA007B797B /* ListModules.swift */; };
		C0E36C202EBF04CA007B797B /* BindingModule.swift in Sources */ = {isa = PBXBuildFile; fileRef = C0E36C1E2EBF04CA007B797B /* BindingModule.swift */; };
		C0E36C212EBF04CA007B797B /* BindingSubView.swift in Sources */ = {isa = PBXBuildFile; fileRef = C0E36C1F2EBF04CA007B797B /* BindingSubView.swift */; };
		C0E36C232EBF04CA007B797B /* ShapeModules.swift in Sources */ = {isa = PBXBuildFile; fileRef = C0E36C222EBF04CA007B797B /* ShapeModules.swift */; };
		C0E36C252EBF04CA007B797B /* ControllFlow.swift in Sources */ = {isa = PBXBuildFile; fileRef = C0E36C242EBF04CA007B797B /* ControllFlow.swift */; };
		C0E36C2A2EBF04CA007B797B /* FoodItemModel.swift in Sources */ = {isa = PBXBuildFile; fileRef = C0E36C262EBF04CA007B797B /* FoodItemModel.swift */; };
		C0E36C2B2EBF04CA007B797B /* ViewExactModule.swift in Sources */ = {isa = PBXBuildFile; fileRef = C0E36C292EBF04CA007B797B /* ViewExactModule.swift */; };
		C0E36C2C2EBF04CA007B797B /* MenuItemView.swift in Sources */ = {isa = PBXBuildFile; fileRef = C0E36C282EBF04CA007B797B /* MenuItemView.swift */; };
		C0E36C2E2EBF04CA007B797B /* TextfieldLogonModule.swift in Sources */ = {isa = PBXBuildFile; fileRef = C0E36C2D2EBF04CA007B797B /* TextfieldLogonModule.swift */; };
/* End PBXBuildFile section */

/* Begin PBXFileReference section */
		C03FDC932E9576F100CBD8F9 /* SwiftUILearning.app */ = {isa = PBXFileReference; explicitFileType = wrapper.application; includeInIndex = 0; path = SwiftUILearning.app; sourceTree = BUILT_PRODUCTS_DIR; };
		C05949552EBF570C007AA5E9 /* ButtonModule.swift */ = {isa = PBXFileReference; lastKnownFileType = sourcecode.swift; path = ButtonModule.swift; sourceTree = "<group>"; };
		C080875D2EC04ECD00A39C3F /* NavigationStackModule.swift */ = {isa = PBXFileReference; lastKnownFileType = sourcecode.swift; path = NavigationStackModule.swift; sourceTree = "<group>"; };
		C080875F2EC055AA00A39C3F /* DetailsView.swift */ = {isa = PBXFileReference; lastKnownFileType = sourcecode.swift; path = DetailsView.swift; sourceTree = "<group>"; };
		C0A0E0C62EBF6B1D00FA40D0 /* SheetModule.swift */ = {isa = PBXFileReference; lastKnownFileType = sourcecode.swift; path = SheetModule.swift; sourceTree = "<group>"; };
		C0E36C0A2EBF04CA007B797B /* SwiftUILearningApp.swift */ = {isa = PBXFileReference; lastKnownFileType = sourcecode.swift; path = SwiftUILearningApp.swift; sourceTree = "<group>"; };
		C0E36C0C2EBF04CA007B797B /* ContentView.swift */ = {isa = PBXFileReference; lastKnownFileType = sourcecode.swift; path = ContentView.swift; sourceTree = "<group>"; };
		C0E36C0E2EBF04CA007B797B /* TextModule.swift */ = {isa = PBXFileReference; lastKnownFileType = sourcecode.swift; path = TextModule.swift; sourceTree = "<group>"; };
		C0E36C102EBF04CA007B797B /* PaddingModules.swift */ = {isa = PBXFileReference; lastKnownFileType = sourcecode.swift; path = PaddingModules.swift; sourceTree = "<group>"; };
		C0E36C122EBF04CA007B797B /* ScrollModule.swift */ = {isa = PBXFileReference; lastKnownFileType = sourcecode.swift; path = ScrollModule.swift; sourceTree = "<group>"; };
		C0E36C142EBF04CA007B797B /* GridModules.swift */ = {isa = PBXFileReference; lastKnownFileType = sourcecode.swift; path = GridModules.swift; sourceTree = "<group>"; };
		C0E36C162EBF04CA007B797B /* LoopModules.swift */ = {isa = PBXFileReference; lastKnownFileType = sourcecode.swift; path = LoopModules.swift; sourceTree = "<group>"; };
		C0E36C182EBF04CA007B797B /* StacksModules.swift */ = {isa = PBXFileReference; lastKnownFileType = sourcecode.swift; path = StacksModules.swift; sourceTree = "<group>"; };
		C0E36C1A2EBF04CA007B797B /* ImagesModules.swift */ = {isa = PBXFileReference; lastKnownFileType = sourcecode.swift; path = ImagesModules.swift; sourceTree = "<group>"; };
		C0E36C1C2EBF04CA007B797B /* ListModules.swift */ = {isa = PBXFileReference; lastKnownFileType = sourcecode.swift; path = ListModules.swift; sourceTree = "<group>"; };
		C0E36C1E2EBF04CA007B797B /* BindingModule.swift */ = {isa = PBXFileReference; lastKnownFileType = sourcecode.swift; path = BindingModule.swift; sourceTree = "<group>"; };
		C0E36C1F2EBF04CA007B797B /* BindingSubView.swift */ = {isa = PBXFileReference; lastKnownFileType = sourcecode.swift; path = BindingSubView.swift; sourceTree = "<group>"; };
		C0E36C222EBF04CA007B797B /* ShapeModules.swift */ = {isa = PBXFileReference; lastKnownFileType = sourcecode.swift; path = ShapeModules.swift; sourceTree = "<group>"; };
		C0E36C242EBF04CA007B797B /* ControllFlow.swift */ = {isa = PBXFileReference; lastKnownFileType = sourcecode.swift; path = ControllFlow.swift; sourceTree = "<group>"; };
		C0E36C262EBF04CA007B797B /* FoodItemModel.swift */ = {isa = PBXFileReference; lastKnownFileType = sourcecode.swift; path = FoodItemModel.swift; sourceTree = "<group>"; };
		C0E36C282EBF04CA007B797B /* MenuItemView.swift */ = {isa = PBXFileReference; lastKnownFileType = sourcecode.swift; path = MenuItemView.swift; sourceTree = "<group>"; };
		C0E36C292EBF04CA007B797B /* ViewExactModule.swift */ = {isa = PBXFileReference; lastKnownFileType = sourcecode.swift; path = ViewExactModule.swift; sourceTree = "<group>"; };
		C0E36C2D2EBF04CA007B797B /* TextfieldLogonModule.swift */ = {isa = PBXFileReference; lastKnownFileType = sourcecode.swift; path = TextfieldLogonModule.swift; sourceTree = "<group>"; };
/* End PBXFileReference section */

/* Begin PBXFileSystemSynchronizedRootGroup section */
		C0DAB56A2E95FB1C00C38FF6 /* SwiftUILearning */ = {
			isa = PBXFileSystemSynchronizedRootGroup;
			path = SwiftUILearning;
			sourceTree = "<group>";
		};
/* End PBXFileSystemSynchronizedRootGroup section */

/* Begin PBXFrameworksBuildPhase section */
		C03FDC902E9576F100CBD8F9 /* Frameworks */ = {
			isa = PBXFrameworksBuildPhase;
			buildActionMask = 2147483647;
			files = (
			);
			runOnlyForDeploymentPostprocessing = 0;
		};
/* End PBXFrameworksBuildPhase section */

/* Begin PBXGroup section */
		C03FDC8A2E9576F100CBD8F9 = {
			isa = PBXGroup;
			children = (
				C0E36C312EBF04DE007B797B /* App */,
				C0E36C322EBF0515007B797B /* Root */,
				C0E36C332EBF053A007B797B /* Text */,
				C0E36C342EBF0557007B797B /* Shapes */,
				C0E36C352EBF05A5007B797B /* Images */,
				C0E36C362EBF09F3007B797B /* Stacks */,
				C0E36C372EBF105D007B797B /* Padding */,
				C0E36C382EBF10A3007B797B /* Loop */,
				C05949542EBF56DA007AA5E9 /* Button */,
				C0E36C392EBF10D4007B797B /* Scrolling */,
				C0E36C3A2EBF10EB007B797B /* Grid */,
				C0E36C3B2EBF1101007B797B /* List */,
				C0E36C402EBF11F3007B797B /* ControlFlow */,
				C0E36C3C2EBF116C007B797B /* ViewExtractModelData */,
				C0E36C3D2EBF1177007B797B /* Binding */,
				C0E36C3F2EBF11D6007B797B /* TextFieldLogin */,
				C0A0E0C52EBF6AFE00FA40D0 /* Sheets */,
				C080875C2EC04E9F00A39C3F /* NavigationStackModule */,
				C0DAB56A2E95FB1C00C38FF6 /* SwiftUILearning */,
				C03FDC942E9576F100CBD8F9 /* Products */,
			);
			sourceTree = "<group>";
		};
		C03FDC942E9576F100CBD8F9 /* Products */ = {
			isa = PBXGroup;
			children = (
				C03FDC932E9576F100CBD8F9 /* SwiftUILearning.app */,
			);
			name = Products;
			sourceTree = "<group>";
		};
		C05949542EBF56DA007AA5E9 /* Button */ = {
			isa = PBXGroup;
			children = (
				C05949552EBF570C007AA5E9 /* ButtonModule.swift */,
			);
			path = Button;
			sourceTree = "<group>";
		};
		C080875C2EC04E9F00A39C3F /* NavigationStackModule */ = {
			isa = PBXGroup;
			children = (
				C080875D2EC04ECD00A39C3F /* NavigationStackModule.swift */,
				C080875F2EC055AA00A39C3F /* DetailsView.swift */,
			);
			path = NavigationStackModule;
			sourceTree = "<group>";
		};
		C0A0E0C52EBF6AFE00FA40D0 /* Sheets */ = {
			isa = PBXGroup;
			children = (
				C0A0E0C62EBF6B1D00FA40D0 /* SheetModule.swift */,
			);
			path = Sheets;
			sourceTree = "<group>";
		};
		C0E36C312EBF04DE007B797B /* App */ = {
			isa = PBXGroup;
			children = (
				C0E36C0A2EBF04CA007B797B /* SwiftUILearningApp.swift */,
			);
			path = App;
			sourceTree = "<group>";
		};
		C0E36C322EBF0515007B797B /* Root */ = {
			isa = PBXGroup;
			children = (
				C0E36C0C2EBF04CA007B797B /* ContentView.swift */,
			);
			path = Root;
			sourceTree = "<group>";
		};
		C0E36C332EBF053A007B797B /* Text */ = {
			isa = PBXGroup;
			children = (
				C0E36C0E2EBF04CA007B797B /* TextModule.swift */,
			);
			path = Text;
			sourceTree = "<group>";
		};
		C0E36C342EBF0557007B797B /* Shapes */ = {
			isa = PBXGroup;
			children = (
				C0E36C222EBF04CA007B797B /* ShapeModules.swift */,
			);
			path = Shapes;
			sourceTree = "<group>";
		};
		C0E36C352EBF05A5007B797B /* Images */ = {
			isa = PBXGroup;
			children = (
				C0E36C1A2EBF04CA007B797B /* ImagesModules.swift */,
			);
			path = Images;
			sourceTree = "<group>";
		};
		C0E36C362EBF09F3007B797B /* Stacks */ = {
			isa = PBXGroup;
			children = (
				C0E36C182EBF04CA007B797B /* StacksModules.swift */,
			);
			path = Stacks;
			sourceTree = "<group>";
		};
		C0E36C372EBF105D007B797B /* Padding */ = {
			isa = PBXGroup;
			children = (
				C0E36C102EBF04CA007B797B /* PaddingModules.swift */,
			);
			path = Padding;
			sourceTree = "<group>";
		};
		C0E36C382EBF10A3007B797B /* Loop */ = {
			isa = PBXGroup;
			children = (
				C0E36C162EBF04CA007B797B /* LoopModules.swift */,
			);
			path = Loop;
			sourceTree = "<group>";
		};
		C0E36C392EBF10D4007B797B /* Scrolling */ = {
			isa = PBXGroup;
			children = (
				C0E36C122EBF04CA007B797B /* ScrollModule.swift */,
			);
			path = Scrolling;
			sourceTree = "<group>";
		};
		C0E36C3A2EBF10EB007B797B /* Grid */ = {
			isa = PBXGroup;
			children = (
				C0E36C142EBF04CA007B797B /* GridModules.swift */,
			);
			path = Grid;
			sourceTree = "<group>";
		};
		C0E36C3B2EBF1101007B797B /* List */ = {
			isa = PBXGroup;
			children = (
				C0E36C1C2EBF04CA007B797B /* ListModules.swift */,
			);
			path = List;
			sourceTree = "<group>";
		};
		C0E36C3C2EBF116C007B797B /* ViewExtractModelData */ = {
			isa = PBXGroup;
			children = (
				C0E36C3E2EBF11AF007B797B /* Model */,
				C0E36C282EBF04CA007B797B /* MenuItemView.swift */,
				C0E36C292EBF04CA007B797B /* ViewExactModule.swift */,
			);
			path = ViewExtractModelData;
			sourceTree = "<group>";
		};
		C0E36C3D2EBF1177007B797B /* Binding */ = {
			isa = PBXGroup;
			children = (
				C0E36C1E2EBF04CA007B797B /* BindingModule.swift */,
				C0E36C1F2EBF04CA007B797B /* BindingSubView.swift */,
			);
			path = Binding;
			sourceTree = "<group>";
		};
		C0E36C3E2EBF11AF007B797B /* Model */ = {
			isa = PBXGroup;
			children = (
				C0E36C262EBF04CA007B797B /* FoodItemModel.swift */,
			);
			path = Model;
			sourceTree = "<group>";
		};
		C0E36C3F2EBF11D6007B797B /* TextFieldLogin */ = {
			isa = PBXGroup;
			children = (
				C0E36C2D2EBF04CA007B797B /* TextfieldLogonModule.swift */,
			);
			path = TextFieldLogin;
			sourceTree = "<group>";
		};
		C0E36C402EBF11F3007B797B /* ControlFlow */ = {
			isa = PBXGroup;
			children = (
				C0E36C242EBF04CA007B797B /* ControllFlow.swift */,
			);
			path = ControlFlow;
			sourceTree = "<group>";
		};
/* End PBXGroup section */

/* Begin PBXNativeTarget section */
		C03FDC922E9576F100CBD8F9 /* SwiftUILearning */ = {
			isa = PBXNativeTarget;
			buildConfigurationList = C03FDC9E2E9576F100CBD8F9 /* Build configuration list for PBXNativeTarget "SwiftUILearning" */;
			buildPhases = (
				C03FDC8F2E9576F100CBD8F9 /* Sources */,
				C03FDC902E9576F100CBD8F9 /* Frameworks */,
				C03FDC912E9576F100CBD8F9 /* Resources */,
			);
			buildRules = (
			);
			dependencies = (
			);
			fileSystemSynchronizedGroups = (
				C0DAB56A2E95FB1C00C38FF6 /* SwiftUILearning */,
			);
			name = SwiftUILearning;
			packageProductDependencies = (
			);
			productName = SwiftUILearning;
			productReference = C03FDC932E9576F100CBD8F9 /* SwiftUILearning.app */;
			productType = "com.apple.product-type.application";
		};
/* End PBXNativeTarget section */

/* Begin PBXProject section */
		C03FDC8B2E9576F100CBD8F9 /* Project object */ = {
			isa = PBXProject;
			attributes = {
				BuildIndependentTargetsInParallel = 1;
				LastSwiftUpdateCheck = 1640;
				LastUpgradeCheck = 1640;
				TargetAttributes = {
					C03FDC922E9576F100CBD8F9 = {
						CreatedOnToolsVersion = 16.4;
					};
				};
			};
			buildConfigurationList = C03FDC8E2E9576F100CBD8F9 /* Build configuration list for PBXProject "SwiftUILearning" */;
			developmentRegion = en;
			hasScannedForEncodings = 0;
			knownRegions = (
				en,
				Base,
			);
			mainGroup = C03FDC8A2E9576F100CBD8F9;
			minimizedProjectReferenceProxies = 1;
			preferredProjectObjectVersion = 77;
			productRefGroup = C03FDC942E9576F100CBD8F9 /* Products */;
			projectDirPath = "";
			projectRoot = "";
			targets = (
				C03FDC922E9576F100CBD8F9 /* SwiftUILearning */,
			);
		};
/* End PBXProject section */

/* Begin PBXResourcesBuildPhase section */
		C03FDC912E9576F100CBD8F9 /* Resources */ = {
			isa = PBXResourcesBuildPhase;
			buildActionMask = 2147483647;
			files = (
			);
			runOnlyForDeploymentPostprocessing = 0;
		};
/* End PBXResourcesBuildPhase section */

/* Begin PBXSourcesBuildPhase section */
		C03FDC8F2E9576F100CBD8F9 /* Sources */ = {
			isa = PBXSourcesBuildPhase;
			buildActionMask = 2147483647;
			files = (
				C05949562EBF570C007AA5E9 /* ButtonModule.swift in Sources */,
				C080875E2EC04ECD00A39C3F /* NavigationStackModule.swift in Sources */,
				C0E36C192EBF04CA007B797B /* StacksModules.swift in Sources */,
				C0E36C172EBF04CA007B797B /* LoopModules.swift in Sources */,
				C0A0E0C72EBF6B1D00FA40D0 /* SheetModule.swift in Sources */,
				C0E36C0F2EBF04CA007B797B /* TextModule.swift in Sources */,
				C0E36C2A2EBF04CA007B797B /* FoodItemModel.swift in Sources */,
				C0E36C2B2EBF04CA007B797B /* ViewExactModule.swift in Sources */,
				C0E36C2C2EBF04CA007B797B /* MenuItemView.swift in Sources */,
				C0E36C202EBF04CA007B797B /* BindingModule.swift in Sources */,
				C0E36C212EBF04CA007B797B /* BindingSubView.swift in Sources */,
				C0E36C232EBF04CA007B797B /* ShapeModules.swift in Sources */,
				C0E36C0D2EBF04CA007B797B /* ContentView.swift in Sources */,
				C0E36C0B2EBF04CA007B797B /* SwiftUILearningApp.swift in Sources */,
				C0E36C252EBF04CA007B797B /* ControllFlow.swift in Sources */,
				C0E36C132EBF04CA007B797B /* ScrollModule.swift in Sources */,
				C0E36C1B2EBF04CA007B797B /* ImagesModules.swift in Sources */,
				C08087602EC055AA00A39C3F /* DetailsView.swift in Sources */,
				C0E36C1D2EBF04CA007B797B /* ListModules.swift in Sources */,
				C0E36C2E2EBF04CA007B797B /* TextfieldLogonModule.swift in Sources */,
				C0E36C112EBF04CA007B797B /* PaddingModules.swift in Sources */,
				C0E36C152EBF04CA007B797B /* GridModules.swift in Sources */,
			);
			runOnlyForDeploymentPostprocessing = 0;
		};
/* End PBXSourcesBuildPhase section */

/* Begin XCBuildConfiguration section */
		C03FDC9C2E9576F100CBD8F9 /* Debug */ = {
			isa = XCBuildConfiguration;
			buildSettings = {
				ALWAYS_SEARCH_USER_PATHS = NO;
				ASSETCATALOG_COMPILER_GENERATE_SWIFT_ASSET_SYMBOL_EXTENSIONS = YES;
				CLANG_ANALYZER_NONNULL = YES;
				CLANG_ANALYZER_NUMBER_OBJECT_CONVERSION = YES_AGGRESSIVE;
				CLANG_CXX_LANGUAGE_STANDARD = "gnu++20";
				CLANG_ENABLE_MODULES = YES;
				CLANG_ENABLE_OBJC_ARC = YES;
				CLANG_ENABLE_OBJC_WEAK = YES;
				CLANG_WARN_BLOCK_CAPTURE_AUTORELEASING = YES;
				CLANG_WARN_BOOL_CONVERSION = YES;
				CLANG_WARN_COMMA = YES;
				CLANG_WARN_CONSTANT_CONVERSION = YES;
				CLANG_WARN_DEPRECATED_OBJC_IMPLEMENTATIONS = YES;
				CLANG_WARN_DIRECT_OBJC_ISA_USAGE = YES_ERROR;
				CLANG_WARN_DOCUMENTATION_COMMENTS = YES;
				CLANG_WARN_EMPTY_BODY = YES;
				CLANG_WARN_ENUM_CONVERSION = YES;
				CLANG_WARN_INFINITE_RECURSION = YES;
				CLANG_WARN_INT_CONVERSION = YES;
				CLANG_WARN_NON_LITERAL_NULL_CONVERSION = YES;
				CLANG_WARN_OBJC_IMPLICIT_RETAIN_SELF = YES;
				CLANG_WARN_OBJC_LITERAL_CONVERSION = YES;
				CLANG_WARN_OBJC_ROOT_CLASS = YES_ERROR;
				CLANG_WARN_QUOTED_INCLUDE_IN_FRAMEWORK_HEADER = YES;
				CLANG_WARN_RANGE_LOOP_ANALYSIS = YES;
				CLANG_WARN_STRICT_PROTOTYPES = YES;
				CLANG_WARN_SUSPICIOUS_MOVE = YES;
				CLANG_WARN_UNGUARDED_AVAILABILITY = YES_AGGRESSIVE;
				CLANG_WARN_UNREACHABLE_CODE = YES;
				CLANG_WARN__DUPLICATE_METHOD_MATCH = YES;
				COPY_PHASE_STRIP = NO;
				DEBUG_INFORMATION_FORMAT = dwarf;
				ENABLE_STRICT_OBJC_MSGSEND = YES;
				ENABLE_TESTABILITY = YES;
				ENABLE_USER_SCRIPT_SANDBOXING = YES;
				GCC_C_LANGUAGE_STANDARD = gnu17;
				GCC_DYNAMIC_NO_PIC = NO;
				GCC_NO_COMMON_BLOCKS = YES;
				GCC_OPTIMIZATION_LEVEL = 0;
				GCC_PREPROCESSOR_DEFINITIONS = (
					"DEBUG=1",
					"$(inherited)",
				);
				GCC_WARN_64_TO_32_BIT_CONVERSION = YES;
				GCC_WARN_ABOUT_RETURN_TYPE = YES_ERROR;
				GCC_WARN_UNDECLARED_SELECTOR = YES;
				GCC_WARN_UNINITIALIZED_AUTOS = YES_AGGRESSIVE;
				GCC_WARN_UNUSED_FUNCTION = YES;
				GCC_WARN_UNUSED_VARIABLE = YES;
				IPHONEOS_DEPLOYMENT_TARGET = 18.5;
				LOCALIZATION_PREFERS_STRING_CATALOGS = YES;
				MTL_ENABLE_DEBUG_INFO = INCLUDE_SOURCE;
				MTL_FAST_MATH = YES;
				ONLY_ACTIVE_ARCH = YES;
				SDKROOT = iphoneos;
				SWIFT_ACTIVE_COMPILATION_CONDITIONS = "DEBUG $(inherited)";
				SWIFT_OPTIMIZATION_LEVEL = "-Onone";
			};
			name = Debug;
		};
		C03FDC9D2E9576F100CBD8F9 /* Release */ = {
			isa = XCBuildConfiguration;
			buildSettings = {
				ALWAYS_SEARCH_USER_PATHS = NO;
				ASSETCATALOG_COMPILER_GENERATE_SWIFT_ASSET_SYMBOL_EXTENSIONS = YES;
				CLANG_ANALYZER_NONNULL = YES;
				CLANG_ANALYZER_NUMBER_OBJECT_CONVERSION = YES_AGGRESSIVE;
				CLANG_CXX_LANGUAGE_STANDARD = "gnu++20";
				CLANG_ENABLE_MODULES = YES;
				CLANG_ENABLE_OBJC_ARC = YES;
				CLANG_ENABLE_OBJC_WEAK = YES;
				CLANG_WARN_BLOCK_CAPTURE_AUTORELEASING = YES;
				CLANG_WARN_BOOL_CONVERSION = YES;
				CLANG_WARN_COMMA = YES;
				CLANG_WARN_CONSTANT_CONVERSION = YES;
				CLANG_WARN_DEPRECATED_OBJC_IMPLEMENTATIONS = YES;
				CLANG_WARN_DIRECT_OBJC_ISA_USAGE = YES_ERROR;
				CLANG_WARN_DOCUMENTATION_COMMENTS = YES;
				CLANG_WARN_EMPTY_BODY = YES;
				CLANG_WARN_ENUM_CONVERSION = YES;
				CLANG_WARN_INFINITE_RECURSION = YES;
				CLANG_WARN_INT_CONVERSION = YES;
				CLANG_WARN_NON_LITERAL_NULL_CONVERSION = YES;
				CLANG_WARN_OBJC_IMPLICIT_RETAIN_SELF = YES;
				CLANG_WARN_OBJC_LITERAL_CONVERSION = YES;
				CLANG_WARN_OBJC_ROOT_CLASS = YES_ERROR;
				CLANG_WARN_QUOTED_INCLUDE_IN_FRAMEWORK_HEADER = YES;
				CLANG_WARN_RANGE_LOOP_ANALYSIS = YES;
				CLANG_WARN_STRICT_PROTOTYPES = YES;
				CLANG_WARN_SUSPICIOUS_MOVE = YES;
				CLANG_WARN_UNGUARDED_AVAILABILITY = YES_AGGRESSIVE;
				CLANG_WARN_UNREACHABLE_CODE = YES;
				CLANG_WARN__DUPLICATE_METHOD_MATCH = YES;
				COPY_PHASE_STRIP = NO;
				DEBUG_INFORMATION_FORMAT = "dwarf-with-dsym";
				ENABLE_NS_ASSERTIONS = NO;
				ENABLE_STRICT_OBJC_MSGSEND = YES;
				ENABLE_USER_SCRIPT_SANDBOXING = YES;
				GCC_C_LANGUAGE_STANDARD = gnu17;
				GCC_NO_COMMON_BLOCKS = YES;
				GCC_WARN_64_TO_32_BIT_CONVERSION = YES;
				GCC_WARN_ABOUT_RETURN_TYPE = YES_ERROR;
				GCC_WARN_UNDECLARED_SELECTOR = YES;
				GCC_WARN_UNINITIALIZED_AUTOS = YES_AGGRESSIVE;
				GCC_WARN_UNUSED_FUNCTION = YES;
				GCC_WARN_UNUSED_VARIABLE = YES;
				IPHONEOS_DEPLOYMENT_TARGET = 18.5;
				LOCALIZATION_PREFERS_STRING_CATALOGS = YES;
				MTL_ENABLE_DEBUG_INFO = NO;
				MTL_FAST_MATH = YES;
				SDKROOT = iphoneos;
				SWIFT_COMPILATION_MODE = wholemodule;
				VALIDATE_PRODUCT = YES;
			};
			name = Release;
		};
		C03FDC9F2E9576F100CBD8F9 /* Debug */ = {
			isa = XCBuildConfiguration;
			buildSettings = {
				ASSETCATALOG_COMPILER_APPICON_NAME = AppIcon;
				ASSETCATALOG_COMPILER_GLOBAL_ACCENT_COLOR_NAME = AccentColor;
				CODE_SIGN_STYLE = Automatic;
				CURRENT_PROJECT_VERSION = 1;
				ENABLE_PREVIEWS = YES;
				GENERATE_INFOPLIST_FILE = YES;
				INFOPLIST_KEY_UIApplicationSceneManifest_Generation = YES;
				INFOPLIST_KEY_UIApplicationSupportsIndirectInputEvents = YES;
				INFOPLIST_KEY_UILaunchScreen_Generation = YES;
				INFOPLIST_KEY_UISupportedInterfaceOrientations_iPad = "UIInterfaceOrientationPortrait UIInterfaceOrientationPortraitUpsideDown UIInterfaceOrientationLandscapeLeft UIInterfaceOrientationLandscapeRight";
				INFOPLIST_KEY_UISupportedInterfaceOrientations_iPhone = "UIInterfaceOrientationPortrait UIInterfaceOrientationLandscapeLeft UIInterfaceOrientationLandscapeRight";
				LD_RUNPATH_SEARCH_PATHS = (
					"$(inherited)",
					"@executable_path/Frameworks",
				);
				MARKETING_VERSION = 1.0;
				PRODUCT_BUNDLE_IDENTIFIER = abc.SwiftUILearning;
				PRODUCT_NAME = "$(TARGET_NAME)";
				SWIFT_EMIT_LOC_STRINGS = YES;
				SWIFT_VERSION = 5.0;
				TARGETED_DEVICE_FAMILY = "1,2";
			};
			name = Debug;
		};
		C03FDCA02E9576F100CBD8F9 /* Release */ = {
			isa = XCBuildConfiguration;
			buildSettings = {
				ASSETCATALOG_COMPILER_APPICON_NAME = AppIcon;
				ASSETCATALOG_COMPILER_GLOBAL_ACCENT_COLOR_NAME = AccentColor;
				CODE_SIGN_STYLE = Automatic;
				CURRENT_PROJECT_VERSION = 1;
				ENABLE_PREVIEWS = YES;
				GENERATE_INFOPLIST_FILE = YES;
				INFOPLIST_KEY_UIApplicationSceneManifest_Generation = YES;
				INFOPLIST_KEY_UIApplicationSupportsIndirectInputEvents = YES;
				INFOPLIST_KEY_UILaunchScreen_Generation = YES;
				INFOPLIST_KEY_UISupportedInterfaceOrientations_iPad = "UIInterfaceOrientationPortrait UIInterfaceOrientationPortraitUpsideDown UIInterfaceOrientationLandscapeLeft UIInterfaceOrientationLandscapeRight";
				INFOPLIST_KEY_UISupportedInterfaceOrientations_iPhone = "UIInterfaceOrientationPortrait UIInterfaceOrientationLandscapeLeft UIInterfaceOrientationLandscapeRight";
				LD_RUNPATH_SEARCH_PATHS = (
					"$(inherited)",
					"@executable_path/Frameworks",
				);
				MARKETING_VERSION = 1.0;
				PRODUCT_BUNDLE_IDENTIFIER = abc.SwiftUILearning;
				PRODUCT_NAME = "$(TARGET_NAME)";
				SWIFT_EMIT_LOC_STRINGS = YES;
				SWIFT_VERSION = 5.0;
				TARGETED_DEVICE_FAMILY = "1,2";
			};
			name = Release;
		};
/* End XCBuildConfiguration section */

/* Begin XCConfigurationList section */
		C03FDC8E2E9576F100CBD8F9 /* Build configuration list for PBXProject "SwiftUILearning" */ = {
			isa = XCConfigurationList;
			buildConfigurations = (
				C03FDC9C2E9576F100CBD8F9 /* Debug */,
				C03FDC9D2E9576F100CBD8F9 /* Release */,
			);
			defaultConfigurationIsVisible = 0;
			defaultConfigurationName = Release;
		};
		C03FDC9E2E9576F100CBD8F9 /* Build configuration list for PBXNativeTarget "SwiftUILearning" */ = {
			isa = XCConfigurationList;
			buildConfigurations = (
				C03FDC9F2E9576F100CBD8F9 /* Debug */,
				C03FDCA02E9576F100CBD8F9 /* Release */,
			);
			defaultConfigurationIsVisible = 0;
			defaultConfigurationName = Release;
		};
/* End XCConfigurationList section */
	};
	rootObject = C03FDC8B2E9576F100CBD8F9 /* Project object */;
}
